// !$*UTF8*$!
{
	archiveVersion = 1;
	classes = {
	};
	objectVersion = 50;
	objects = {

/* Begin PBXBuildFile section */
		948BBF182863D128000BECE5 /* PhotoListViewController.swift in Sources */ = {isa = PBXBuildFile; fileRef = 948BBF172863D128000BECE5 /* PhotoListViewController.swift */; };
		A12DAEC1229E05A90081E871 /* AppDelegate.swift in Sources */ = {isa = PBXBuildFile; fileRef = A12DAEC0229E05A90081E871 /* AppDelegate.swift */; };
		A12DAEC8229E05AE0081E871 /* Assets.xcassets in Resources */ = {isa = PBXBuildFile; fileRef = A12DAEC7229E05AE0081E871 /* Assets.xcassets */; };
		A12DAECB229E05AE0081E871 /* LaunchScreen.storyboard in Resources */ = {isa = PBXBuildFile; fileRef = A12DAEC9229E05AE0081E871 /* LaunchScreen.storyboard */; };
		A12DAED5229E0AC80081E871 /* Photo.swift in Sources */ = {isa = PBXBuildFile; fileRef = A12DAED4229E0AC80081E871 /* Photo.swift */; };
		A12DAED7229E11940081E871 /* PhotoList.swift in Sources */ = {isa = PBXBuildFile; fileRef = A12DAED6229E11940081E871 /* PhotoList.swift */; };
		A13CC79D22F8A37100A1BCEF /* UIImageView+URL.swift in Sources */ = {isa = PBXBuildFile; fileRef = A13CC79C22F8A37100A1BCEF /* UIImageView+URL.swift */; };
		A152B961229EFC5600E3C273 /* PhotoCell.swift in Sources */ = {isa = PBXBuildFile; fileRef = A152B960229EFC5600E3C273 /* PhotoCell.swift */; };
		A1D6D0C822B0C08B000FA55C /* APIClient.swift in Sources */ = {isa = PBXBuildFile; fileRef = A12DAED2229E09E10081E871 /* APIClient.swift */; };
/* End PBXBuildFile section */

/* Begin PBXFileReference section */
		948BBF172863D128000BECE5 /* PhotoListViewController.swift */ = {isa = PBXFileReference; lastKnownFileType = sourcecode.swift; path = PhotoListViewController.swift; sourceTree = "<group>"; };
		A12DAEBD229E05A90081E871 /* Flickr.app */ = {isa = PBXFileReference; explicitFileType = wrapper.application; includeInIndex = 0; path = Flickr.app; sourceTree = BUILT_PRODUCTS_DIR; };
		A12DAEC0229E05A90081E871 /* AppDelegate.swift */ = {isa = PBXFileReference; lastKnownFileType = sourcecode.swift; path = AppDelegate.swift; sourceTree = "<group>"; };
		A12DAEC7229E05AE0081E871 /* Assets.xcassets */ = {isa = PBXFileReference; lastKnownFileType = folder.assetcatalog; path = Assets.xcassets; sourceTree = "<group>"; };
		A12DAECA229E05AE0081E871 /* Base */ = {isa = PBXFileReference; lastKnownFileType = file.storyboard; name = Base; path = Base.lproj/LaunchScreen.storyboard; sourceTree = "<group>"; };
		A12DAECC229E05AE0081E871 /* Info.plist */ = {isa = PBXFileReference; lastKnownFileType = text.plist.xml; path = Info.plist; sourceTree = "<group>"; };
		A12DAED2229E09E10081E871 /* APIClient.swift */ = {isa = PBXFileReference; lastKnownFileType = sourcecode.swift; path = APIClient.swift; sourceTree = "<group>"; };
		A12DAED4229E0AC80081E871 /* Photo.swift */ = {isa = PBXFileReference; lastKnownFileType = sourcecode.swift; path = Photo.swift; sourceTree = "<group>"; };
		A12DAED6229E11940081E871 /* PhotoList.swift */ = {isa = PBXFileReference; lastKnownFileType = sourcecode.swift; path = PhotoList.swift; sourceTree = "<group>"; };
		A13CC79C22F8A37100A1BCEF /* UIImageView+URL.swift */ = {isa = PBXFileReference; lastKnownFileType = sourcecode.swift; path = "UIImageView+URL.swift"; sourceTree = "<group>"; };
		A152B960229EFC5600E3C273 /* PhotoCell.swift */ = {isa = PBXFileReference; lastKnownFileType = sourcecode.swift; path = PhotoCell.swift; sourceTree = "<group>"; };
/* End PBXFileReference section */

/* Begin PBXFrameworksBuildPhase section */
		A12DAEBA229E05A90081E871 /* Frameworks */ = {
			isa = PBXFrameworksBuildPhase;
			buildActionMask = 2147483647;
			files = (
			);
			runOnlyForDeploymentPostprocessing = 0;
		};
/* End PBXFrameworksBuildPhase section */

/* Begin PBXGroup section */
		A12DAEB4229E05A90081E871 = {
			isa = PBXGroup;
			children = (
				A12DAEBF229E05A90081E871 /* Flickr */,
				A12DAEBE229E05A90081E871 /* Products */,
			);
			sourceTree = "<group>";
		};
		A12DAEBE229E05A90081E871 /* Products */ = {
			isa = PBXGroup;
			children = (
				A12DAEBD229E05A90081E871 /* Flickr.app */,
			);
			name = Products;
			sourceTree = "<group>";
		};
		A12DAEBF229E05A90081E871 /* Flickr */ = {
			isa = PBXGroup;
			children = (
				A12DAEC0229E05A90081E871 /* AppDelegate.swift */,
				A12DAED2229E09E10081E871 /* APIClient.swift */,
				A13CC79C22F8A37100A1BCEF /* UIImageView+URL.swift */,
				A12DAED4229E0AC80081E871 /* Photo.swift */,
				A12DAED6229E11940081E871 /* PhotoList.swift */,
				A152B960229EFC5600E3C273 /* PhotoCell.swift */,
				948BBF172863D128000BECE5 /* PhotoListViewController.swift */,
				A12DAEC7229E05AE0081E871 /* Assets.xcassets */,
				A12DAEC9229E05AE0081E871 /* LaunchScreen.storyboard */,
				A12DAECC229E05AE0081E871 /* Info.plist */,
			);
			path = Flickr;
			sourceTree = "<group>";
		};
/* End PBXGroup section */

/* Begin PBXNativeTarget section */
		A12DAEBC229E05A90081E871 /* Flickr */ = {
			isa = PBXNativeTarget;
			buildConfigurationList = A12DAECF229E05AE0081E871 /* Build configuration list for PBXNativeTarget "Flickr" */;
			buildPhases = (
				A12DAEB9229E05A90081E871 /* Sources */,
				A12DAEBA229E05A90081E871 /* Frameworks */,
				A12DAEBB229E05A90081E871 /* Resources */,
			);
			buildRules = (
			);
			dependencies = (
			);
			name = Flickr;
			productName = Affirm;
			productReference = A12DAEBD229E05A90081E871 /* Flickr.app */;
			productType = "com.apple.product-type.application";
		};
/* End PBXNativeTarget section */

/* Begin PBXProject section */
		A12DAEB5229E05A90081E871 /* Project object */ = {
			isa = PBXProject;
			attributes = {
				LastSwiftUpdateCheck = 1020;
				LastUpgradeCheck = 1020;
				ORGANIZATIONNAME = "Michael Harville";
				TargetAttributes = {
					A12DAEBC229E05A90081E871 = {
						CreatedOnToolsVersion = 10.2.1;
					};
				};
			};
			buildConfigurationList = A12DAEB8229E05A90081E871 /* Build configuration list for PBXProject "Flickr" */;
			compatibilityVersion = "Xcode 9.3";
			developmentRegion = en;
			hasScannedForEncodings = 0;
			knownRegions = (
				en,
				Base,
			);
			mainGroup = A12DAEB4229E05A90081E871;
			productRefGroup = A12DAEBE229E05A90081E871 /* Products */;
			projectDirPath = "";
			projectRoot = "";
			targets = (
				A12DAEBC229E05A90081E871 /* Flickr */,
			);
		};
/* End PBXProject section */

/* Begin PBXResourcesBuildPhase section */
		A12DAEBB229E05A90081E871 /* Resources */ = {
			isa = PBXResourcesBuildPhase;
			buildActionMask = 2147483647;
			files = (
				A12DAECB229E05AE0081E871 /* LaunchScreen.storyboard in Resources */,
				A12DAEC8229E05AE0081E871 /* Assets.xcassets in Resources */,
			);
			runOnlyForDeploymentPostprocessing = 0;
		};
/* End PBXResourcesBuildPhase section */

/* Begin PBXSourcesBuildPhase section */
		A12DAEB9229E05A90081E871 /* Sources */ = {
			isa = PBXSourcesBuildPhase;
			buildActionMask = 2147483647;
			files = (
				A12DAED5229E0AC80081E871 /* Photo.swift in Sources */,
				A12DAED7229E11940081E871 /* PhotoList.swift in Sources */,
				A152B961229EFC5600E3C273 /* PhotoCell.swift in Sources */,
				A1D6D0C822B0C08B000FA55C /* APIClient.swift in Sources */,
				A13CC79D22F8A37100A1BCEF /* UIImageView+URL.swift in Sources */,
				A12DAEC1229E05A90081E871 /* AppDelegate.swift in Sources */,
				948BBF182863D128000BECE5 /* PhotoListViewController.swift in Sources */,
			);
			runOnlyForDeploymentPostprocessing = 0;
		};
/* End PBXSourcesBuildPhase section */

/* Begin PBXVariantGroup section */
		A12DAEC9229E05AE0081E871 /* LaunchScreen.storyboard */ = {
			isa = PBXVariantGroup;
			children = (
				A12DAECA229E05AE0081E871 /* Base */,
			);
			name = LaunchScreen.storyboard;
			sourceTree = "<group>";
		};
/* End PBXVariantGroup section */

/* Begin XCBuildConfiguration section */
		A12DAECD229E05AE0081E871 /* Debug */ = {
			isa = XCBuildConfiguration;
			buildSettings = {
				ALWAYS_SEARCH_USER_PATHS = NO;
				CLANG_ANALYZER_NONNULL = YES;
				CLANG_ANALYZER_NUMBER_OBJECT_CONVERSION = YES_AGGRESSIVE;
				CLANG_CXX_LANGUAGE_STANDARD = "gnu++14";
				CLANG_CXX_LIBRARY = "libc++";
				CLANG_ENABLE_MODULES = YES;
				CLANG_ENABLE_OBJC_ARC = YES;
				CLANG_ENABLE_OBJC_WEAK = YES;
				CLANG_WARN_BLOCK_CAPTURE_AUTORELEASING = YES;
				CLANG_WARN_BOOL_CONVERSION = YES;
				CLANG_WARN_COMMA = YES;
				CLANG_WARN_CONSTANT_CONVERSION = YES;
				CLANG_WARN_DEPRECATED_OBJC_IMPLEMENTATIONS = YES;
				CLANG_WARN_DIRECT_OBJC_ISA_USAGE = YES_ERROR;
				CLANG_WARN_DOCUMENTATION_COMMENTS = YES;
				CLANG_WARN_EMPTY_BODY = YES;
				CLANG_WARN_ENUM_CONVERSION = YES;
				CLANG_WARN_INFINITE_RECURSION = YES;
				CLANG_WARN_INT_CONVERSION = YES;
				CLANG_WARN_NON_LITERAL_NULL_CONVERSION = YES;
				CLANG_WARN_OBJC_IMPLICIT_RETAIN_SELF = YES;
				CLANG_WARN_OBJC_LITERAL_CONVERSION = YES;
				CLANG_WARN_OBJC_ROOT_CLASS = YES_ERROR;
				CLANG_WARN_RANGE_LOOP_ANALYSIS = YES;
				CLANG_WARN_STRICT_PROTOTYPES = YES;
				CLANG_WARN_SUSPICIOUS_MOVE = YES;
				CLANG_WARN_UNGUARDED_AVAILABILITY = YES_AGGRESSIVE;
				CLANG_WARN_UNREACHABLE_CODE = YES;
				CLANG_WARN__DUPLICATE_METHOD_MATCH = YES;
				CODE_SIGN_IDENTITY = "iPhone Developer";
				COPY_PHASE_STRIP = NO;
				DEBUG_INFORMATION_FORMAT = dwarf;
				ENABLE_STRICT_OBJC_MSGSEND = YES;
				ENABLE_TESTABILITY = YES;
				GCC_C_LANGUAGE_STANDARD = gnu11;
				GCC_DYNAMIC_NO_PIC = NO;
				GCC_NO_COMMON_BLOCKS = YES;
				GCC_OPTIMIZATION_LEVEL = 0;
				GCC_PREPROCESSOR_DEFINITIONS = (
					"DEBUG=1",
					"$(inherited)",
				);
				GCC_WARN_64_TO_32_BIT_CONVERSION = YES;
				GCC_WARN_ABOUT_RETURN_TYPE = YES_ERROR;
				GCC_WARN_UNDECLARED_SELECTOR = YES;
				GCC_WARN_UNINITIALIZED_AUTOS = YES_AGGRESSIVE;
				GCC_WARN_UNUSED_FUNCTION = YES;
				GCC_WARN_UNUSED_VARIABLE = YES;
				IPHONEOS_DEPLOYMENT_TARGET = 12.2;
				MTL_ENABLE_DEBUG_INFO = INCLUDE_SOURCE;
				MTL_FAST_MATH = YES;
				ONLY_ACTIVE_ARCH = YES;
				SDKROOT = iphoneos;
				SWIFT_ACTIVE_COMPILATION_CONDITIONS = DEBUG;
				SWIFT_OPTIMIZATION_LEVEL = "-Onone";
			};
			name = Debug;
		};
		A12DAECE229E05AE0081E871 /* Release */ = {
			isa = XCBuildConfiguration;
			buildSettings = {
				ALWAYS_SEARCH_USER_PATHS = NO;
				CLANG_ANALYZER_NONNULL = YES;
				CLANG_ANALYZER_NUMBER_OBJECT_CONVERSION = YES_AGGRESSIVE;
				CLANG_CXX_LANGUAGE_STANDARD = "gnu++14";
				CLANG_CXX_LIBRARY = "libc++";
				CLANG_ENABLE_MODULES = YES;
				CLANG_ENABLE_OBJC_ARC = YES;
				CLANG_ENABLE_OBJC_WEAK = YES;
				CLANG_WARN_BLOCK_CAPTURE_AUTORELEASING = YES;
				CLANG_WARN_BOOL_CONVERSION = YES;
				CLANG_WARN_COMMA = YES;
				CLANG_WARN_CONSTANT_CONVERSION = YES;
				CLANG_WARN_DEPRECATED_OBJC_IMPLEMENTATIONS = YES;
				CLANG_WARN_DIRECT_OBJC_ISA_USAGE = YES_ERROR;
				CLANG_WARN_DOCUMENTATION_COMMENTS = YES;
				CLANG_WARN_EMPTY_BODY = YES;
				CLANG_WARN_ENUM_CONVERSION = YES;
				CLANG_WARN_INFINITE_RECURSION = YES;
				CLANG_WARN_INT_CONVERSION = YES;
				CLANG_WARN_NON_LITERAL_NULL_CONVERSION = YES;
				CLANG_WARN_OBJC_IMPLICIT_RETAIN_SELF = YES;
				CLANG_WARN_OBJC_LITERAL_CONVERSION = YES;
				CLANG_WARN_OBJC_ROOT_CLASS = YES_ERROR;
				CLANG_WARN_RANGE_LOOP_ANALYSIS = YES;
				CLANG_WARN_STRICT_PROTOTYPES = YES;
				CLANG_WARN_SUSPICIOUS_MOVE = YES;
				CLANG_WARN_UNGUARDED_AVAILABILITY = YES_AGGRESSIVE;
				CLANG_WARN_UNREACHABLE_CODE = YES;
				CLANG_WARN__DUPLICATE_METHOD_MATCH = YES;
				CODE_SIGN_IDENTITY = "iPhone Developer";
				COPY_PHASE_STRIP = NO;
				DEBUG_INFORMATION_FORMAT = "dwarf-with-dsym";
				ENABLE_NS_ASSERTIONS = NO;
				ENABLE_STRICT_OBJC_MSGSEND = YES;
				GCC_C_LANGUAGE_STANDARD = gnu11;
				GCC_NO_COMMON_BLOCKS = YES;
				GCC_WARN_64_TO_32_BIT_CONVERSION = YES;
				GCC_WARN_ABOUT_RETURN_TYPE = YES_ERROR;
				GCC_WARN_UNDECLARED_SELECTOR = YES;
				GCC_WARN_UNINITIALIZED_AUTOS = YES_AGGRESSIVE;
				GCC_WARN_UNUSED_FUNCTION = YES;
				GCC_WARN_UNUSED_VARIABLE = YES;
				IPHONEOS_DEPLOYMENT_TARGET = 12.2;
				MTL_ENABLE_DEBUG_INFO = NO;
				MTL_FAST_MATH = YES;
				SDKROOT = iphoneos;
				SWIFT_COMPILATION_MODE = wholemodule;
				SWIFT_OPTIMIZATION_LEVEL = "-O";
				VALIDATE_PRODUCT = YES;
			};
			name = Release;
		};
		A12DAED0229E05AE0081E871 /* Debug */ = {
			isa = XCBuildConfiguration;
			buildSettings = {
				ASSETCATALOG_COMPILER_APPICON_NAME = AppIcon;
				CODE_SIGN_STYLE = Automatic;
				DEVELOPMENT_TEAM = 9QRGDYJD48;
				INFOPLIST_FILE = Flickr/Info.plist;
				LD_RUNPATH_SEARCH_PATHS = (
					"$(inherited)",
					"@executable_path/Frameworks",
				);
				PRODUCT_BUNDLE_IDENTIFIER = com.harvillionare.Flickr;
				PRODUCT_NAME = "$(TARGET_NAME)";
				SWIFT_VERSION = 5.0;
				TARGETED_DEVICE_FAMILY = "1,2";
			};
			name = Debug;
		};
		A12DAED1229E05AE0081E871 /* Release */ = {
			isa = XCBuildConfiguration;
			buildSettings = {
				ASSETCATALOG_COMPILER_APPICON_NAME = AppIcon;
				CODE_SIGN_STYLE = Automatic;
				DEVELOPMENT_TEAM = 9QRGDYJD48;
				INFOPLIST_FILE = Flickr/Info.plist;
				LD_RUNPATH_SEARCH_PATHS = (
					"$(inherited)",
					"@executable_path/Frameworks",
				);
				PRODUCT_BUNDLE_IDENTIFIER = com.harvillionare.Flickr;
				PRODUCT_NAME = "$(TARGET_NAME)";
				SWIFT_VERSION = 5.0;
				TARGETED_DEVICE_FAMILY = "1,2";
			};
			name = Release;
		};
/* End XCBuildConfiguration section */

/* Begin XCConfigurationList section */
		A12DAEB8229E05A90081E871 /* Build configuration list for PBXProject "Flickr" */ = {
			isa = XCConfigurationList;
			buildConfigurations = (
				A12DAECD229E05AE0081E871 /* Debug */,
				A12DAECE229E05AE0081E871 /* Release */,
			);
			defaultConfigurationIsVisible = 0;
			defaultConfigurationName = Release;
		};
		A12DAECF229E05AE0081E871 /* Build configuration list for PBXNativeTarget "Flickr" */ = {
			isa = XCConfigurationList;
			buildConfigurations = (
				A12DAED0229E05AE0081E871 /* Debug */,
				A12DAED1229E05AE0081E871 /* Release */,
			);
			defaultConfigurationIsVisible = 0;
			defaultConfigurationName = Release;
		};
/* End XCConfigurationList section */
	};
	rootObject = A12DAEB5229E05A90081E871 /* Project object */;
}
